# THIS IS AN AUTOGENERATED FILE. DO NOT EDIT THIS FILE DIRECTLY.
# yarn lockfile v1


mailgo@0.12.1:
  version "0.12.1"
  resolved "https://registry.yarnpkg.com/mailgo/-/mailgo-0.12.1.tgz#7e504f525ba093bd0f8d462a024e7e34a4e00648"
  integrity sha512-JH69rpVlK/GFw+SJ5UiDKgwXOt1vhhWTRtD449RX/76psSSwwCo0L8WAkvixikK4ZBdO/MXW5HTz3HoFHw5THg==
