# THIS IS AN AUTOGENERATED FILE. DO NOT EDIT THIS FILE DIRECTLY.
# yarn lockfile v1


mailgo@0.9.16:
  version "0.9.16"
  resolved "https://registry.yarnpkg.com/mailgo/-/mailgo-0.9.16.tgz#95afefac977049930b9302f29b9e41dc0b16710a"
  integrity sha512-LaMY5cBTjlOfY7v9NtP3nuhxPR/PWBKaURGl1Y879zox9452rIuIDY1sHW0kY8vQau8dU87NHXlr65ijB0QQ8A==
