# THIS IS AN AUTOGENERATED FILE. DO NOT EDIT THIS FILE DIRECTLY.
# yarn lockfile v1


mailgo@0.9.17:
  version "0.9.17"
  resolved "https://registry.yarnpkg.com/mailgo/-/mailgo-0.9.17.tgz#cb2d49f6c8b2a04a2b1ec964354fe96c884bbe3a"
  integrity sha512-zvdT3r4/iGTSRYHCI9PUAY/oL+d4cpMUL8Vc9Ax3ndOSi8H+IBGoL0VVxqdrOtxfVEyJNvooHF/7dpI9UIRE9g==
